<?xml version="1.0" encoding="UTF-8" standalone="yes" ?>
<CodeBlocks_project_file>
	<FileVersion major="1" minor="6" />
	<Project>
		<Option title="msg-game" />
		<Option pch_mode="2" />
		<Option compiler="gcc" />
		<Build>
			<Target title="Debug">
				<Option output="bin/Debug/msg-game" prefix_auto="1" extension_auto="1" />
				<Option object_output="obj/Debug/" />
				<Option type="1" />
				<Option compiler="gcc" />
				<Compiler>
					<Add option="-g" />
				</Compiler>
				<Linker>
					<Add option="-lsfml-network-d" />
					<Add option="-lsfml-audio-d" />
					<Add option="-lsfml-graphics-d" />
					<Add option="-lsfml-window-d" />
					<Add option="-lsfml-system-d" />
				</Linker>
			</Target>
			<Target title="Release">
				<Option output="bin/Release/msg-game" prefix_auto="1" extension_auto="1" />
				<Option object_output="obj/Release/" />
				<Option type="0" />
				<Option compiler="gcc" />
				<Compiler>
					<Add option="-O2" />
				</Compiler>
				<Linker>
					<Add option="-s" />
					<Add option="-lsfml-network" />
					<Add option="-lsfml-audio" />
					<Add option="-lsfml-graphics" />
					<Add option="-lsfml-window" />
					<Add option="-lsfml-system" />
				</Linker>
			</Target>
			<Target title="Test">
				<Option output="bin/Test/msg-game" prefix_auto="1" extension_auto="1" />
				<Option object_output="obj/Test/" />
				<Option type="1" />
				<Option compiler="gcc" />
				<Compiler>
					<Add option="-g" />
				</Compiler>
				<Linker>
					<Add option="-lsfml-network-d" />
					<Add option="-lsfml-audio-d" />
					<Add option="-lsfml-graphics-d" />
					<Add option="-lsfml-window-d" />
					<Add option="-lsfml-system-d" />
				</Linker>
			</Target>
		</Build>
		<Compiler>
			<Add option="-Wall" />
			<Add option="-std=c++14" />
			<Add directory="include" />
			<Add directory="extlib/SFML/include" />
			<Add directory="extlib/imgui" />
			<Add directory="extlib/imgui-sfml" />
		</Compiler>
		<Linker>
			<Add option="-lopengl32" />
			<Add directory="extlib/SFML/lib" />
		</Linker>
		<Unit filename="extlib/imgui-sfml/imgui-SFML.cpp" />
		<Unit filename="extlib/imgui/imgui.cpp" />
		<Unit filename="extlib/imgui/imgui_draw.cpp" />
		<Unit filename="include/Animation.hpp" />
		<Unit filename="include/CharacterRenderer.hpp" />
		<Unit filename="include/ChunkRenderer.hpp" />
		<Unit filename="include/Components/AnimationComponent.hpp" />
		<Unit filename="include/Components/CollisionComponent.hpp" />
		<Unit filename="include/Components/Component.hpp" />
		<Unit filename="include/Components/ComponentFactory.hpp" />
		<Unit filename="include/Components/DialogComponent.hpp" />
		<Unit filename="include/Components/HealthComponent.hpp" />
		<Unit filename="include/Components/InteractionComponent.hpp" />
		<Unit filename="include/Components/LootComponent.hpp" />
		<Unit filename="include/Components/SpriteComponent.hpp" />
		<Unit filename="include/Console.hpp" />
		<Unit filename="include/Entities/Entity.hpp" />
		<Unit filename="include/Entities/EntityFactory.hpp" />
		<Unit filename="include/FontManager.hpp" />
		<Unit filename="include/GameEngine.hpp" />
		<Unit filename="include/Global.hpp" />
		<Unit filename="include/IMouseEventListener.hpp" />
		<Unit filename="include/IRenderer.hpp" />
		<Unit filename="include/Inventory.hpp" />
		<Unit filename="include/Item.hpp" />
		<Unit filename="include/ItemList.hpp" />
		<Unit filename="include/Player.hpp" />
		<Unit filename="include/SFMLRenderer.hpp" />
		<Unit filename="include/State.hpp" />
		<Unit filename="include/StateMachine.hpp" />
		<Unit filename="include/States/LoadGameState.hpp" />
		<Unit filename="include/States/MainMenuState.hpp" />
		<Unit filename="include/States/NewGameState.hpp" />
		<Unit filename="include/States/OptionsState.hpp" />
		<Unit filename="include/Systems/AnimationSystem.hpp" />
		<Unit filename="include/Systems/CollisionSystem.hpp" />
		<Unit filename="include/Systems/EntitySystem.hpp" />
		<Unit filename="include/Systems/RenderingSystem.hpp" />
		<Unit filename="include/Systems/System.hpp" />
		<Unit filename="include/TextureManager.hpp" />
		<Unit filename="include/TilemapEditor.hpp" />
		<Unit filename="include/Tilemap/TileMap.hpp" />
		<Unit filename="include/Tilemap/TileMapRenderer.hpp" />
		<Unit filename="include/Tilemap/TileMapSerializer.hpp" />
		<Unit filename="include/Tilemap/TileRenderer.hpp" />
		<Unit filename="include/TmxLoader.hpp" />
		<Unit filename="include/TmxMap.hpp" />
		<Unit filename="include/TmxRenderer.hpp" />
		<Unit filename="include/UI/BankWindow.hpp" />
		<Unit filename="include/UI/DialogWindow.hpp" />
		<Unit filename="include/UI/Frame.hpp" />
		<Unit filename="include/UI/LootWindow.hpp" />
		<Unit filename="include/Wallet.hpp" />
		<Unit filename="src/Animation.cpp" />
		<Unit filename="src/CharacterRenderer.cpp" />
		<Unit filename="src/ChunkRenderer.cpp" />
		<Unit filename="src/Components/AnimationComponent.cpp" />
		<Unit filename="src/Components/CollisionComponent.cpp" />
		<Unit filename="src/Components/Component.cpp" />
		<Unit filename="src/Components/ComponentFactory.cpp" />
		<Unit filename="src/Components/HealthComponent.cpp" />
		<Unit filename="src/Components/InteractionComponent.cpp" />
		<Unit filename="src/Components/LootComponent.cpp" />
		<Unit filename="src/Components/SpriteComponent.cpp" />
		<Unit filename="src/Console.cpp" />
		<Unit filename="src/Entities/Entity.cpp" />
		<Unit filename="src/Entities/EntityFactory.cpp" />
		<Unit filename="src/FontManager.cpp" />
		<Unit filename="src/GameEngine.cpp" />
		<Unit filename="src/Global.cpp" />
		<Unit filename="src/Inventory.cpp" />
		<Unit filename="src/Item.cpp" />
		<Unit filename="src/ItemList.cpp" />
		<Unit filename="src/Main.cpp">
			<Option target="Debug" />
			<Option target="Release" />
		</Unit>
		<Unit filename="src/Player.cpp" />
		<Unit filename="src/StateMachine.cpp" />
		<Unit filename="src/States/LoadGameState.cpp" />
		<Unit filename="src/States/MainMenuState.cpp" />
		<Unit filename="src/States/NewGameState.cpp" />
		<Unit filename="src/States/OptionsState.cpp" />
		<Unit filename="src/Systems/AnimationSystem.cpp" />
		<Unit filename="src/Systems/CollisionSystem.cpp" />
		<Unit filename="src/Systems/EntitySystem.cpp" />
		<Unit filename="src/Systems/System.cpp" />
		<Unit filename="src/TextureManager.cpp" />
		<Unit filename="src/TilemapEditor.cpp" />
		<Unit filename="src/Tilemap/TileMap.cpp" />
		<Unit filename="src/Tilemap/TileMapRenderer.cpp" />
		<Unit filename="src/Tilemap/TileMapSerializer.cpp" />
		<Unit filename="src/Tilemap/TileRenderer.cpp" />
		<Unit filename="src/TmxLoader.cpp" />
		<Unit filename="src/TmxRenderer.cpp" />
		<Unit filename="src/UI/BankWindow.cpp" />
		<Unit filename="src/UI/DialogWindow.cpp" />
		<Unit filename="src/UI/Frame.cpp" />
		<Unit filename="src/UI/LootWindow.cpp" />
		<Unit filename="src/Wallet.cpp" />
		<Unit filename="test/Test.cpp">
			<Option target="Test" />
		</Unit>
		<Unit filename="test/Test.hpp">
			<Option target="Test" />
		</Unit>
		<Unit filename="test/TestGameState.cpp">
			<Option target="Test" />
		</Unit>
		<Unit filename="test/TestGameState.hpp">
			<Option target="Test" />
		</Unit>
		<Unit filename="test/Test_AnimationSystem.cpp">
			<Option target="Test" />
		</Unit>
		<Extensions>
			<code_completion />
			<envvars />
			<debugger />
			<lib_finder disable_auto="1" />
		</Extensions>
	</Project>
</CodeBlocks_project_file>
